
Microsoft Visual Studio Solution File, Format Version 12.00
# Visual Studio Version 17
VisualStudioVersion = 17.3.32901.215
MinimumVisualStudioVersion = 10.0.40219.1
Project("{FAE04EC0-301F-11D3-BF4B-00C04F79EFBC}") = "LineComparision_Batch222", "LineComparision_Batch222\LineComparision_Batch222.csproj", "{F8FEAE38-8A2A-4A52-8258-43993699044E}"
EndProject
Global
	GlobalSection(SolutionConfigurationPlatforms) = preSolution
		Debug|Any CPU = Debug|Any CPU
		Release|Any CPU = Release|Any CPU
	EndGlobalSection
	GlobalSection(ProjectConfigurationPlatforms) = postSolution
		{F8FEAE38-8A2A-4A52-8258-43993699044E}.Debug|Any CPU.ActiveCfg = Debug|Any CPU
		{F8FEAE38-8A2A-4A52-8258-43993699044E}.Debug|Any CPU.Build.0 = Debug|Any CPU
		{F8FEAE38-8A2A-4A52-8258-43993699044E}.Release|Any CPU.ActiveCfg = Release|Any CPU
		{F8FEAE38-8A2A-4A52-8258-43993699044E}.Release|Any CPU.Build.0 = Release|Any CPU
	EndGlobalSection
	GlobalSection(SolutionProperties) = preSolution
		HideSolutionNode = FALSE
	EndGlobalSection
	GlobalSection(ExtensibilityGlobals) = postSolution
		SolutionGuid = {C1B543A7-A011-4762-BFD7-20B350AE2D8B}
	EndGlobalSection
EndGlobal
